
Microsoft Visual Studio Solution File, Format Version 12.00
# Visual Studio Version 17
VisualStudioVersion = 17.3.32901.215
MinimumVisualStudioVersion = 10.0.40219.1
Project("{FAE04EC0-301F-11D3-BF4B-00C04F79EFBC}") = "PM2E11542.Android", "PM2E11542\PM2E11542.Android\PM2E11542.Android.csproj", "{863C7710-D4C7-4BFE-A776-66C93598863C}"
EndProject
Project("{FAE04EC0-301F-11D3-BF4B-00C04F79EFBC}") = "PM2E11542", "PM2E11542\PM2E11542\PM2E11542.csproj", "{9C19AF8F-F2C7-4B4D-8109-0E38A0F11EA7}"
EndProject
Global
	GlobalSection(SolutionConfigurationPlatforms) = preSolution
		Debug|Any CPU = Debug|Any CPU
		Release|Any CPU = Release|Any CPU
	EndGlobalSection
	GlobalSection(ProjectConfigurationPlatforms) = postSolution
		{863C7710-D4C7-4BFE-A776-66C93598863C}.Debug|Any CPU.ActiveCfg = Debug|Any CPU
		{863C7710-D4C7-4BFE-A776-66C93598863C}.Debug|Any CPU.Build.0 = Debug|Any CPU
		{863C7710-D4C7-4BFE-A776-66C93598863C}.Debug|Any CPU.Deploy.0 = Debug|Any CPU
		{863C7710-D4C7-4BFE-A776-66C93598863C}.Release|Any CPU.ActiveCfg = Release|Any CPU
		{863C7710-D4C7-4BFE-A776-66C93598863C}.Release|Any CPU.Build.0 = Release|Any CPU
		{863C7710-D4C7-4BFE-A776-66C93598863C}.Release|Any CPU.Deploy.0 = Release|Any CPU
		{9C19AF8F-F2C7-4B4D-8109-0E38A0F11EA7}.Debug|Any CPU.ActiveCfg = Debug|Any CPU
		{9C19AF8F-F2C7-4B4D-8109-0E38A0F11EA7}.Debug|Any CPU.Build.0 = Debug|Any CPU
		{9C19AF8F-F2C7-4B4D-8109-0E38A0F11EA7}.Debug|Any CPU.Deploy.0 = Debug|Any CPU
		{9C19AF8F-F2C7-4B4D-8109-0E38A0F11EA7}.Release|Any CPU.ActiveCfg = Release|Any CPU
		{9C19AF8F-F2C7-4B4D-8109-0E38A0F11EA7}.Release|Any CPU.Build.0 = Release|Any CPU
		{9C19AF8F-F2C7-4B4D-8109-0E38A0F11EA7}.Release|Any CPU.Deploy.0 = Release|Any CPU
	EndGlobalSection
	GlobalSection(SolutionProperties) = preSolution
		HideSolutionNode = FALSE
	EndGlobalSection
	GlobalSection(ExtensibilityGlobals) = postSolution
		SolutionGuid = {09DC6785-3DF2-44A7-8B49-66CAAE104A97}
	EndGlobalSection
EndGlobal
